
Microsoft Visual Studio Solution File, Format Version 12.00
# Visual Studio Version 17
VisualStudioVersion = 17.5.33414.496
MinimumVisualStudioVersion = 10.0.40219.1
Project("{9A19103F-16F7-4668-BE54-9A1E7A4F7556}") = "BlazorApp1.Server", "BlazorApp1\Server\BlazorApp1.Server.csproj", "{684E093F-DF86-4FC6-9B2B-3BB05EEFC91D}"
EndProject
Project("{9A19103F-16F7-4668-BE54-9A1E7A4F7556}") = "BlazorApp1.Client", "BlazorApp1\Client\BlazorApp1.Client.csproj", "{FC4458AE-C388-4862-9502-8E8471AE675B}"
EndProject
Project("{9A19103F-16F7-4668-BE54-9A1E7A4F7556}") = "BlazorApp1.Shared", "BlazorApp1\Shared\BlazorApp1.Shared.csproj", "{0C576AC2-42DF-404D-A16C-92CE2265AD59}"
EndProject
Project("{FAE04EC0-301F-11D3-BF4B-00C04F79EFBC}") = "BlazorApp1.Data", "BlazorApp1\BlazorApp1.Data\BlazorApp1.Data.csproj", "{440FB870-4940-4EA0-94E7-D6C10EFEFA6D}"
EndProject
Global
	GlobalSection(SolutionConfigurationPlatforms) = preSolution
		Debug|Any CPU = Debug|Any CPU
		Release|Any CPU = Release|Any CPU
	EndGlobalSection
	GlobalSection(ProjectConfigurationPlatforms) = postSolution
		{684E093F-DF86-4FC6-9B2B-3BB05EEFC91D}.Debug|Any CPU.ActiveCfg = Debug|Any CPU
		{684E093F-DF86-4FC6-9B2B-3BB05EEFC91D}.Debug|Any CPU.Build.0 = Debug|Any CPU
		{684E093F-DF86-4FC6-9B2B-3BB05EEFC91D}.Release|Any CPU.ActiveCfg = Release|Any CPU
		{684E093F-DF86-4FC6-9B2B-3BB05EEFC91D}.Release|Any CPU.Build.0 = Release|Any CPU
		{FC4458AE-C388-4862-9502-8E8471AE675B}.Debug|Any CPU.ActiveCfg = Debug|Any CPU
		{FC4458AE-C388-4862-9502-8E8471AE675B}.Debug|Any CPU.Build.0 = Debug|Any CPU
		{FC4458AE-C388-4862-9502-8E8471AE675B}.Release|Any CPU.ActiveCfg = Release|Any CPU
		{FC4458AE-C388-4862-9502-8E8471AE675B}.Release|Any CPU.Build.0 = Release|Any CPU
		{0C576AC2-42DF-404D-A16C-92CE2265AD59}.Debug|Any CPU.ActiveCfg = Debug|Any CPU
		{0C576AC2-42DF-404D-A16C-92CE2265AD59}.Debug|Any CPU.Build.0 = Debug|Any CPU
		{0C576AC2-42DF-404D-A16C-92CE2265AD59}.Release|Any CPU.ActiveCfg = Release|Any CPU
		{0C576AC2-42DF-404D-A16C-92CE2265AD59}.Release|Any CPU.Build.0 = Release|Any CPU
		{440FB870-4940-4EA0-94E7-D6C10EFEFA6D}.Debug|Any CPU.ActiveCfg = Debug|Any CPU
		{440FB870-4940-4EA0-94E7-D6C10EFEFA6D}.Debug|Any CPU.Build.0 = Debug|Any CPU
		{440FB870-4940-4EA0-94E7-D6C10EFEFA6D}.Release|Any CPU.ActiveCfg = Release|Any CPU
		{440FB870-4940-4EA0-94E7-D6C10EFEFA6D}.Release|Any CPU.Build.0 = Release|Any CPU
	EndGlobalSection
	GlobalSection(SolutionProperties) = preSolution
		HideSolutionNode = FALSE
	EndGlobalSection
	GlobalSection(ExtensibilityGlobals) = postSolution
		SolutionGuid = {13DA527B-F16B-44C0-9069-6DD0247CB1ED}
	EndGlobalSection
EndGlobal
